// !$*UTF8*$!
{
	archiveVersion = 1;
	classes = {
	};
	objectVersion = 48;
	objects = {

/* Begin PBXBuildFile section */
		84CB51FE1FD85445003A42F7 /* AppDelegate.swift in Sources */ = {isa = PBXBuildFile; fileRef = 84CB51FD1FD85445003A42F7 /* AppDelegate.swift */; };
		84CB52001FD85445003A42F7 /* SocialLoginViewController.swift in Sources */ = {isa = PBXBuildFile; fileRef = 84CB51FF1FD85445003A42F7 /* SocialLoginViewController.swift */; };
		84CB52031FD85445003A42F7 /* Main.storyboard in Resources */ = {isa = PBXBuildFile; fileRef = 84CB52011FD85445003A42F7 /* Main.storyboard */; };
		84CB52051FD85445003A42F7 /* Assets.xcassets in Resources */ = {isa = PBXBuildFile; fileRef = 84CB52041FD85445003A42F7 /* Assets.xcassets */; };
		84CB52081FD85445003A42F7 /* LaunchScreen.storyboard in Resources */ = {isa = PBXBuildFile; fileRef = 84CB52061FD85445003A42F7 /* LaunchScreen.storyboard */; };
		84CB52131FD86296003A42F7 /* GoogleService-Info.plist in Resources */ = {isa = PBXBuildFile; fileRef = 84CB52121FD86296003A42F7 /* GoogleService-Info.plist */; };
		E25F7C0D87588E466F0E1BCA /* Pods_SocialIntegration.framework in Frameworks */ = {isa = PBXBuildFile; fileRef = EBBEF6AE4D47C4BD6281D28B /* Pods_SocialIntegration.framework */; };
/* End PBXBuildFile section */

/* Begin PBXFileReference section */
		84CB51FA1FD85445003A42F7 /* SocialIntegration.app */ = {isa = PBXFileReference; explicitFileType = wrapper.application; includeInIndex = 0; path = SocialIntegration.app; sourceTree = BUILT_PRODUCTS_DIR; };
		84CB51FD1FD85445003A42F7 /* AppDelegate.swift */ = {isa = PBXFileReference; lastKnownFileType = sourcecode.swift; path = AppDelegate.swift; sourceTree = "<group>"; };
		84CB51FF1FD85445003A42F7 /* SocialLoginViewController.swift */ = {isa = PBXFileReference; lastKnownFileType = sourcecode.swift; path = SocialLoginViewController.swift; sourceTree = "<group>"; };
		84CB52021FD85445003A42F7 /* Base */ = {isa = PBXFileReference; lastKnownFileType = file.storyboard; name = Base; path = Base.lproj/Main.storyboard; sourceTree = "<group>"; };
		84CB52041FD85445003A42F7 /* Assets.xcassets */ = {isa = PBXFileReference; lastKnownFileType = folder.assetcatalog; path = Assets.xcassets; sourceTree = "<group>"; };
		84CB52071FD85445003A42F7 /* Base */ = {isa = PBXFileReference; lastKnownFileType = file.storyboard; name = Base; path = Base.lproj/LaunchScreen.storyboard; sourceTree = "<group>"; };
		84CB52091FD85445003A42F7 /* Info.plist */ = {isa = PBXFileReference; lastKnownFileType = text.plist.xml; path = Info.plist; sourceTree = "<group>"; };
		84CB520F1FD859D6003A42F7 /* SocialIntegration-Bridging-Header.h */ = {isa = PBXFileReference; lastKnownFileType = sourcecode.c.h; path = "SocialIntegration-Bridging-Header.h"; sourceTree = "<group>"; };
		84CB52121FD86296003A42F7 /* GoogleService-Info.plist */ = {isa = PBXFileReference; fileEncoding = 4; lastKnownFileType = text.plist.xml; path = "GoogleService-Info.plist"; sourceTree = "<group>"; };
		C6039361BC872B7E54FEC855 /* Pods-SocialIntegration.release.xcconfig */ = {isa = PBXFileReference; includeInIndex = 1; lastKnownFileType = text.xcconfig; name = "Pods-SocialIntegration.release.xcconfig"; path = "Pods/Target Support Files/Pods-SocialIntegration/Pods-SocialIntegration.release.xcconfig"; sourceTree = "<group>"; };
		C87EB2733B65D3B8457C1A3E /* Pods-SocialIntegration.debug.xcconfig */ = {isa = PBXFileReference; includeInIndex = 1; lastKnownFileType = text.xcconfig; name = "Pods-SocialIntegration.debug.xcconfig"; path = "Pods/Target Support Files/Pods-SocialIntegration/Pods-SocialIntegration.debug.xcconfig"; sourceTree = "<group>"; };
		EBBEF6AE4D47C4BD6281D28B /* Pods_SocialIntegration.framework */ = {isa = PBXFileReference; explicitFileType = wrapper.framework; includeInIndex = 0; path = Pods_SocialIntegration.framework; sourceTree = BUILT_PRODUCTS_DIR; };
/* End PBXFileReference section */

/* Begin PBXFrameworksBuildPhase section */
		84CB51F71FD85445003A42F7 /* Frameworks */ = {
			isa = PBXFrameworksBuildPhase;
			buildActionMask = 2147483647;
			files = (
				E25F7C0D87588E466F0E1BCA /* Pods_SocialIntegration.framework in Frameworks */,
			);
			runOnlyForDeploymentPostprocessing = 0;
		};
/* End PBXFrameworksBuildPhase section */

/* Begin PBXGroup section */
		84CB51F11FD85445003A42F7 = {
			isa = PBXGroup;
			children = (
				84CB51FC1FD85445003A42F7 /* SocialIntegration */,
				84CB51FB1FD85445003A42F7 /* Products */,
				F741FAA05B06BFDECB3AA18C /* Pods */,
				9D180233E12740F034FAEF76 /* Frameworks */,
			);
			sourceTree = "<group>";
		};
		84CB51FB1FD85445003A42F7 /* Products */ = {
			isa = PBXGroup;
			children = (
				84CB51FA1FD85445003A42F7 /* SocialIntegration.app */,
			);
			name = Products;
			sourceTree = "<group>";
		};
		84CB51FC1FD85445003A42F7 /* SocialIntegration */ = {
			isa = PBXGroup;
			children = (
				84CB51FD1FD85445003A42F7 /* AppDelegate.swift */,
				84CB51FF1FD85445003A42F7 /* SocialLoginViewController.swift */,
				84CB52011FD85445003A42F7 /* Main.storyboard */,
				84CB52041FD85445003A42F7 /* Assets.xcassets */,
				84CB52061FD85445003A42F7 /* LaunchScreen.storyboard */,
				84CB52091FD85445003A42F7 /* Info.plist */,
				84CB52121FD86296003A42F7 /* GoogleService-Info.plist */,
				84CB520F1FD859D6003A42F7 /* SocialIntegration-Bridging-Header.h */,
			);
			path = SocialIntegration;
			sourceTree = "<group>";
		};
		9D180233E12740F034FAEF76 /* Frameworks */ = {
			isa = PBXGroup;
			children = (
				EBBEF6AE4D47C4BD6281D28B /* Pods_SocialIntegration.framework */,
			);
			name = Frameworks;
			sourceTree = "<group>";
		};
		F741FAA05B06BFDECB3AA18C /* Pods */ = {
			isa = PBXGroup;
			children = (
				C87EB2733B65D3B8457C1A3E /* Pods-SocialIntegration.debug.xcconfig */,
				C6039361BC872B7E54FEC855 /* Pods-SocialIntegration.release.xcconfig */,
			);
			name = Pods;
			sourceTree = "<group>";
		};
/* End PBXGroup section */

/* Begin PBXNativeTarget section */
		84CB51F91FD85445003A42F7 /* SocialIntegration */ = {
			isa = PBXNativeTarget;
			buildConfigurationList = 84CB520C1FD85445003A42F7 /* Build configuration list for PBXNativeTarget "SocialIntegration" */;
			buildPhases = (
				55704D0C7D505F40BE47E070 /* [CP] Check Pods Manifest.lock */,
				84CB51F61FD85445003A42F7 /* Sources */,
				84CB51F71FD85445003A42F7 /* Frameworks */,
				84CB51F81FD85445003A42F7 /* Resources */,
				0718F6733BA0759C8398ACE6 /* [CP] Embed Pods Frameworks */,
				25E3986EF09F2A88CF97AA08 /* [CP] Copy Pods Resources */,
			);
			buildRules = (
			);
			dependencies = (
			);
			name = SocialIntegration;
			productName = SocialIntegration;
			productReference = 84CB51FA1FD85445003A42F7 /* SocialIntegration.app */;
			productType = "com.apple.product-type.application";
		};
/* End PBXNativeTarget section */

/* Begin PBXProject section */
		84CB51F21FD85445003A42F7 /* Project object */ = {
			isa = PBXProject;
			attributes = {
				LastSwiftUpdateCheck = 0910;
				LastUpgradeCheck = 0910;
				ORGANIZATIONNAME = vishal;
				TargetAttributes = {
					84CB51F91FD85445003A42F7 = {
						CreatedOnToolsVersion = 9.1;
						LastSwiftMigration = 0910;
						ProvisioningStyle = Manual;
					};
				};
			};
			buildConfigurationList = 84CB51F51FD85445003A42F7 /* Build configuration list for PBXProject "SocialIntegration" */;
			compatibilityVersion = "Xcode 8.0";
			developmentRegion = en;
			hasScannedForEncodings = 0;
			knownRegions = (
				en,
				Base,
			);
			mainGroup = 84CB51F11FD85445003A42F7;
			productRefGroup = 84CB51FB1FD85445003A42F7 /* Products */;
			projectDirPath = "";
			projectRoot = "";
			targets = (
				84CB51F91FD85445003A42F7 /* SocialIntegration */,
			);
		};
/* End PBXProject section */

/* Begin PBXResourcesBuildPhase section */
		84CB51F81FD85445003A42F7 /* Resources */ = {
			isa = PBXResourcesBuildPhase;
			buildActionMask = 2147483647;
			files = (
				84CB52081FD85445003A42F7 /* LaunchScreen.storyboard in Resources */,
				84CB52131FD86296003A42F7 /* GoogleService-Info.plist in Resources */,
				84CB52051FD85445003A42F7 /* Assets.xcassets in Resources */,
				84CB52031FD85445003A42F7 /* Main.storyboard in Resources */,
			);
			runOnlyForDeploymentPostprocessing = 0;
		};
/* End PBXResourcesBuildPhase section */

/* Begin PBXShellScriptBuildPhase section */
		0718F6733BA0759C8398ACE6 /* [CP] Embed Pods Frameworks */ = {
			isa = PBXShellScriptBuildPhase;
			buildActionMask = 2147483647;
			files = (
			);
			inputPaths = (
				"${SRCROOT}/Pods/Target Support Files/Pods-SocialIntegration/Pods-SocialIntegration-frameworks.sh",
				"${BUILT_PRODUCTS_DIR}/Bolts/Bolts.framework",
				"${BUILT_PRODUCTS_DIR}/FBSDKCoreKit/FBSDKCoreKit.framework",
				"${BUILT_PRODUCTS_DIR}/FBSDKLoginKit/FBSDKLoginKit.framework",
				"${BUILT_PRODUCTS_DIR}/FBSDKShareKit/FBSDKShareKit.framework",
				"${BUILT_PRODUCTS_DIR}/GTMOAuth2/GTMOAuth2.framework",
				"${BUILT_PRODUCTS_DIR}/GTMSessionFetcher/GTMSessionFetcher.framework",
				"${BUILT_PRODUCTS_DIR}/GoogleToolboxForMac/GoogleToolboxForMac.framework",
			);
			name = "[CP] Embed Pods Frameworks";
			outputPaths = (
				"${TARGET_BUILD_DIR}/${FRAMEWORKS_FOLDER_PATH}/Bolts.framework",
				"${TARGET_BUILD_DIR}/${FRAMEWORKS_FOLDER_PATH}/FBSDKCoreKit.framework",
				"${TARGET_BUILD_DIR}/${FRAMEWORKS_FOLDER_PATH}/FBSDKLoginKit.framework",
				"${TARGET_BUILD_DIR}/${FRAMEWORKS_FOLDER_PATH}/FBSDKShareKit.framework",
				"${TARGET_BUILD_DIR}/${FRAMEWORKS_FOLDER_PATH}/GTMOAuth2.framework",
				"${TARGET_BUILD_DIR}/${FRAMEWORKS_FOLDER_PATH}/GTMSessionFetcher.framework",
				"${TARGET_BUILD_DIR}/${FRAMEWORKS_FOLDER_PATH}/GoogleToolboxForMac.framework",
			);
			runOnlyForDeploymentPostprocessing = 0;
			shellPath = /bin/sh;
			shellScript = "\"${SRCROOT}/Pods/Target Support Files/Pods-SocialIntegration/Pods-SocialIntegration-frameworks.sh\"\n";
			showEnvVarsInLog = 0;
		};
		25E3986EF09F2A88CF97AA08 /* [CP] Copy Pods Resources */ = {
			isa = PBXShellScriptBuildPhase;
			buildActionMask = 2147483647;
			files = (
			);
			inputPaths = (
				"${SRCROOT}/Pods/Target Support Files/Pods-SocialIntegration/Pods-SocialIntegration-resources.sh",
				"${PODS_ROOT}/GoogleSignIn/Resources/GoogleSignIn.bundle",
			);
			name = "[CP] Copy Pods Resources";
			outputPaths = (
				"${TARGET_BUILD_DIR}/${UNLOCALIZED_RESOURCES_FOLDER_PATH}",
			);
			runOnlyForDeploymentPostprocessing = 0;
			shellPath = /bin/sh;
			shellScript = "\"${SRCROOT}/Pods/Target Support Files/Pods-SocialIntegration/Pods-SocialIntegration-resources.sh\"\n";
			showEnvVarsInLog = 0;
		};
		55704D0C7D505F40BE47E070 /* [CP] Check Pods Manifest.lock */ = {
			isa = PBXShellScriptBuildPhase;
			buildActionMask = 2147483647;
			files = (
			);
			inputPaths = (
				"${PODS_PODFILE_DIR_PATH}/Podfile.lock",
				"${PODS_ROOT}/Manifest.lock",
			);
			name = "[CP] Check Pods Manifest.lock";
			outputPaths = (
				"$(DERIVED_FILE_DIR)/Pods-SocialIntegration-checkManifestLockResult.txt",
			);
			runOnlyForDeploymentPostprocessing = 0;
			shellPath = /bin/sh;
			shellScript = "diff \"${PODS_PODFILE_DIR_PATH}/Podfile.lock\" \"${PODS_ROOT}/Manifest.lock\" > /dev/null\nif [ $? != 0 ] ; then\n    # print error to STDERR\n    echo \"error: The sandbox is not in sync with the Podfile.lock. Run 'pod install' or update your CocoaPods installation.\" >&2\n    exit 1\nfi\n# This output is used by Xcode 'outputs' to avoid re-running this script phase.\necho \"SUCCESS\" > \"${SCRIPT_OUTPUT_FILE_0}\"\n";
			showEnvVarsInLog = 0;
		};
/* End PBXShellScriptBuildPhase section */

/* Begin PBXSourcesBuildPhase section */
		84CB51F61FD85445003A42F7 /* Sources */ = {
			isa = PBXSourcesBuildPhase;
			buildActionMask = 2147483647;
			files = (
				84CB52001FD85445003A42F7 /* SocialLoginViewController.swift in Sources */,
				84CB51FE1FD85445003A42F7 /* AppDelegate.swift in Sources */,
			);
			runOnlyForDeploymentPostprocessing = 0;
		};
/* End PBXSourcesBuildPhase section */

/* Begin PBXVariantGroup section */
		84CB52011FD85445003A42F7 /* Main.storyboard */ = {
			isa = PBXVariantGroup;
			children = (
				84CB52021FD85445003A42F7 /* Base */,
			);
			name = Main.storyboard;
			sourceTree = "<group>";
		};
		84CB52061FD85445003A42F7 /* LaunchScreen.storyboard */ = {
			isa = PBXVariantGroup;
			children = (
				84CB52071FD85445003A42F7 /* Base */,
			);
			name = LaunchScreen.storyboard;
			sourceTree = "<group>";
		};
/* End PBXVariantGroup section */

/* Begin XCBuildConfiguration section */
		84CB520A1FD85445003A42F7 /* Debug */ = {
			isa = XCBuildConfiguration;
			buildSettings = {
				ALWAYS_SEARCH_USER_PATHS = NO;
				CLANG_ANALYZER_NONNULL = YES;
				CLANG_ANALYZER_NUMBER_OBJECT_CONVERSION = YES_AGGRESSIVE;
				CLANG_CXX_LANGUAGE_STANDARD = "gnu++14";
				CLANG_CXX_LIBRARY = "libc++";
				CLANG_ENABLE_MODULES = YES;
				CLANG_ENABLE_OBJC_ARC = YES;
				CLANG_WARN_BLOCK_CAPTURE_AUTORELEASING = YES;
				CLANG_WARN_BOOL_CONVERSION = YES;
				CLANG_WARN_COMMA = YES;
				CLANG_WARN_CONSTANT_CONVERSION = YES;
				CLANG_WARN_DIRECT_OBJC_ISA_USAGE = YES_ERROR;
				CLANG_WARN_DOCUMENTATION_COMMENTS = YES;
				CLANG_WARN_EMPTY_BODY = YES;
				CLANG_WARN_ENUM_CONVERSION = YES;
				CLANG_WARN_INFINITE_RECURSION = YES;
				CLANG_WARN_INT_CONVERSION = YES;
				CLANG_WARN_NON_LITERAL_NULL_CONVERSION = YES;
				CLANG_WARN_OBJC_LITERAL_CONVERSION = YES;
				CLANG_WARN_OBJC_ROOT_CLASS = YES_ERROR;
				CLANG_WARN_RANGE_LOOP_ANALYSIS = YES;
				CLANG_WARN_STRICT_PROTOTYPES = YES;
				CLANG_WARN_SUSPICIOUS_MOVE = YES;
				CLANG_WARN_UNGUARDED_AVAILABILITY = YES_AGGRESSIVE;
				CLANG_WARN_UNREACHABLE_CODE = YES;
				CLANG_WARN__DUPLICATE_METHOD_MATCH = YES;
				CODE_SIGN_IDENTITY = "iPhone Developer";
				COPY_PHASE_STRIP = NO;
				DEBUG_INFORMATION_FORMAT = dwarf;
				ENABLE_STRICT_OBJC_MSGSEND = YES;
				ENABLE_TESTABILITY = YES;
				GCC_C_LANGUAGE_STANDARD = gnu11;
				GCC_DYNAMIC_NO_PIC = NO;
				GCC_NO_COMMON_BLOCKS = YES;
				GCC_OPTIMIZATION_LEVEL = 0;
				GCC_PREPROCESSOR_DEFINITIONS = (
					"DEBUG=1",
					"$(inherited)",
				);
				GCC_WARN_64_TO_32_BIT_CONVERSION = YES;
				GCC_WARN_ABOUT_RETURN_TYPE = YES_ERROR;
				GCC_WARN_UNDECLARED_SELECTOR = YES;
				GCC_WARN_UNINITIALIZED_AUTOS = YES_AGGRESSIVE;
				GCC_WARN_UNUSED_FUNCTION = YES;
				GCC_WARN_UNUSED_VARIABLE = YES;
				IPHONEOS_DEPLOYMENT_TARGET = 11.1;
				MTL_ENABLE_DEBUG_INFO = YES;
				ONLY_ACTIVE_ARCH = YES;
				SDKROOT = iphoneos;
				SWIFT_ACTIVE_COMPILATION_CONDITIONS = DEBUG;
				SWIFT_OPTIMIZATION_LEVEL = "-Onone";
			};
			name = Debug;
		};
		84CB520B1FD85445003A42F7 /* Release */ = {
			isa = XCBuildConfiguration;
			buildSettings = {
				ALWAYS_SEARCH_USER_PATHS = NO;
				CLANG_ANALYZER_NONNULL = YES;
				CLANG_ANALYZER_NUMBER_OBJECT_CONVERSION = YES_AGGRESSIVE;
				CLANG_CXX_LANGUAGE_STANDARD = "gnu++14";
				CLANG_CXX_LIBRARY = "libc++";
				CLANG_ENABLE_MODULES = YES;
				CLANG_ENABLE_OBJC_ARC = YES;
				CLANG_WARN_BLOCK_CAPTURE_AUTORELEASING = YES;
				CLANG_WARN_BOOL_CONVERSION = YES;
				CLANG_WARN_COMMA = YES;
				CLANG_WARN_CONSTANT_CONVERSION = YES;
				CLANG_WARN_DIRECT_OBJC_ISA_USAGE = YES_ERROR;
				CLANG_WARN_DOCUMENTATION_COMMENTS = YES;
				CLANG_WARN_EMPTY_BODY = YES;
				CLANG_WARN_ENUM_CONVERSION = YES;
				CLANG_WARN_INFINITE_RECURSION = YES;
				CLANG_WARN_INT_CONVERSION = YES;
				CLANG_WARN_NON_LITERAL_NULL_CONVERSION = YES;
				CLANG_WARN_OBJC_LITERAL_CONVERSION = YES;
				CLANG_WARN_OBJC_ROOT_CLASS = YES_ERROR;
				CLANG_WARN_RANGE_LOOP_ANALYSIS = YES;
				CLANG_WARN_STRICT_PROTOTYPES = YES;
				CLANG_WARN_SUSPICIOUS_MOVE = YES;
				CLANG_WARN_UNGUARDED_AVAILABILITY = YES_AGGRESSIVE;
				CLANG_WARN_UNREACHABLE_CODE = YES;
				CLANG_WARN__DUPLICATE_METHOD_MATCH = YES;
				CODE_SIGN_IDENTITY = "iPhone Developer";
				COPY_PHASE_STRIP = NO;
				DEBUG_INFORMATION_FORMAT = "dwarf-with-dsym";
				ENABLE_NS_ASSERTIONS = NO;
				ENABLE_STRICT_OBJC_MSGSEND = YES;
				GCC_C_LANGUAGE_STANDARD = gnu11;
				GCC_NO_COMMON_BLOCKS = YES;
				GCC_WARN_64_TO_32_BIT_CONVERSION = YES;
				GCC_WARN_ABOUT_RETURN_TYPE = YES_ERROR;
				GCC_WARN_UNDECLARED_SELECTOR = YES;
				GCC_WARN_UNINITIALIZED_AUTOS = YES_AGGRESSIVE;
				GCC_WARN_UNUSED_FUNCTION = YES;
				GCC_WARN_UNUSED_VARIABLE = YES;
				IPHONEOS_DEPLOYMENT_TARGET = 11.1;
				MTL_ENABLE_DEBUG_INFO = NO;
				SDKROOT = iphoneos;
				SWIFT_OPTIMIZATION_LEVEL = "-Owholemodule";
				VALIDATE_PRODUCT = YES;
			};
			name = Release;
		};
		84CB520D1FD85445003A42F7 /* Debug */ = {
			isa = XCBuildConfiguration;
			baseConfigurationReference = C87EB2733B65D3B8457C1A3E /* Pods-SocialIntegration.debug.xcconfig */;
			buildSettings = {
				ASSETCATALOG_COMPILER_APPICON_NAME = AppIcon;
				CLANG_ENABLE_MODULES = YES;
				CODE_SIGN_STYLE = Manual;
				DEVELOPMENT_TEAM = "";
				INFOPLIST_FILE = SocialIntegration/Info.plist;
				LD_RUNPATH_SEARCH_PATHS = "$(inherited) @executable_path/Frameworks";
				PRODUCT_BUNDLE_IDENTIFIER = com.SocialIntegration;
				PRODUCT_NAME = "$(TARGET_NAME)";
				PROVISIONING_PROFILE_SPECIFIER = "";
				SWIFT_OBJC_BRIDGING_HEADER = "SocialIntegration/SocialIntegration-Bridging-Header.h";
				SWIFT_OPTIMIZATION_LEVEL = "-Onone";
				SWIFT_VERSION = 4.0;
				TARGETED_DEVICE_FAMILY = "1,2";
			};
			name = Debug;
		};
		84CB520E1FD85445003A42F7 /* Release */ = {
			isa = XCBuildConfiguration;
			baseConfigurationReference = C6039361BC872B7E54FEC855 /* Pods-SocialIntegration.release.xcconfig */;
			buildSettings = {
				ASSETCATALOG_COMPILER_APPICON_NAME = AppIcon;
				CLANG_ENABLE_MODULES = YES;
				CODE_SIGN_STYLE = Manual;
				DEVELOPMENT_TEAM = "";
				INFOPLIST_FILE = SocialIntegration/Info.plist;
				LD_RUNPATH_SEARCH_PATHS = "$(inherited) @executable_path/Frameworks";
				PRODUCT_BUNDLE_IDENTIFIER = com.SocialIntegration;
				PRODUCT_NAME = "$(TARGET_NAME)";
				PROVISIONING_PROFILE_SPECIFIER = "";
				SWIFT_OBJC_BRIDGING_HEADER = "SocialIntegration/SocialIntegration-Bridging-Header.h";
				SWIFT_VERSION = 4.0;
				TARGETED_DEVICE_FAMILY = "1,2";
			};
			name = Release;
		};
/* End XCBuildConfiguration section */

/* Begin XCConfigurationList section */
		84CB51F51FD85445003A42F7 /* Build configuration list for PBXProject "SocialIntegration" */ = {
			isa = XCConfigurationList;
			buildConfigurations = (
				84CB520A1FD85445003A42F7 /* Debug */,
				84CB520B1FD85445003A42F7 /* Release */,
			);
			defaultConfigurationIsVisible = 0;
			defaultConfigurationName = Release;
		};
		84CB520C1FD85445003A42F7 /* Build configuration list for PBXNativeTarget "SocialIntegration" */ = {
			isa = XCConfigurationList;
			buildConfigurations = (
				84CB520D1FD85445003A42F7 /* Debug */,
				84CB520E1FD85445003A42F7 /* Release */,
			);
			defaultConfigurationIsVisible = 0;
			defaultConfigurationName = Release;
		};
/* End XCConfigurationList section */
	};
	rootObject = 84CB51F21FD85445003A42F7 /* Project object */;
}
